
Microsoft Visual Studio Solution File, Format Version 12.00
# Visual Studio Version 16
VisualStudioVersion = 16.0.30104.148
MinimumVisualStudioVersion = 10.0.40219.1
Project("{FAE04EC0-301F-11D3-BF4B-00C04F79EFBC}") = "RBS-IT_Project", "RBS-IT_Project\RBS-IT_Project.csproj", "{76A5EC0A-6518-4923-9803-2D6E5A49B06E}"
EndProject
Global
	GlobalSection(SolutionConfigurationPlatforms) = preSolution
		Debug|Any CPU = Debug|Any CPU
		Release|Any CPU = Release|Any CPU
	EndGlobalSection
	GlobalSection(ProjectConfigurationPlatforms) = postSolution
		{76A5EC0A-6518-4923-9803-2D6E5A49B06E}.Debug|Any CPU.ActiveCfg = Debug|Any CPU
		{76A5EC0A-6518-4923-9803-2D6E5A49B06E}.Debug|Any CPU.Build.0 = Debug|Any CPU
		{76A5EC0A-6518-4923-9803-2D6E5A49B06E}.Release|Any CPU.ActiveCfg = Release|Any CPU
		{76A5EC0A-6518-4923-9803-2D6E5A49B06E}.Release|Any CPU.Build.0 = Release|Any CPU
	EndGlobalSection
	GlobalSection(SolutionProperties) = preSolution
		HideSolutionNode = FALSE
	EndGlobalSection
	GlobalSection(ExtensibilityGlobals) = postSolution
		SolutionGuid = {3C6A762D-C9CD-42DB-BDA0-BA7B15A588B5}
	EndGlobalSection
EndGlobal
